
Microsoft Visual Studio Solution File, Format Version 12.00
# Visual Studio Version 16
VisualStudioVersion = 16.0.29230.47
MinimumVisualStudioVersion = 10.0.40219.1
Project("{9A19103F-16F7-4668-BE54-9A1E7A4F7556}") = "EMRIntegrations.Core", "EMRIntegrations.Core\EMRIntegrations.Core.csproj", "{7B817F15-A010-48D3-8681-538007EC64C9}"
EndProject
Project("{9A19103F-16F7-4668-BE54-9A1E7A4F7556}") = "EMRIntegrations.Data", "EMRIntegrations.Data\EMRIntegrations.Data.csproj", "{5194AF85-1D1D-4DF0-9D10-B8E599953FB9}"
EndProject
Project("{FAE04EC0-301F-11D3-BF4B-00C04F79EFBC}") = "EMRIntegrations.API", "EMRIntegrations.API\EMRIntegrations.API.csproj", "{3A54FB11-BB69-445D-913C-238818BC88B8}"
EndProject
Project("{FAE04EC0-301F-11D3-BF4B-00C04F79EFBC}") = "EMRIntegrations.Athena", "EMRIntegrations.Athena\EMRIntegrations.Athena\EMRIntegrations.Athena.csproj", "{2C6FE4CD-5CFE-45C6-B756-9E5B7F9C8745}"
EndProject
Project("{FAE04EC0-301F-11D3-BF4B-00C04F79EFBC}") = "EMRIntegrations.CernerMillenium", "EMRIntegrations.CernerMillenium\EMRIntegrations.CernerMillenium.csproj", "{9DC85D5D-1A40-48FA-BFDB-5F7FDA7EF91D}"
EndProject
Project("{FAE04EC0-301F-11D3-BF4B-00C04F79EFBC}") = "EMRIntegrations.Epic", "EMRIntegrations.Epic\EMRIntegrations.Epic.csproj", "{178030DB-A0C6-4321-AFF9-949AE0DBD46B}"
EndProject
Project("{FAE04EC0-301F-11D3-BF4B-00C04F79EFBC}") = "EMRIntegrations.DrChrono", "EMRIntegrations.DrChrono\EMRIntegrations.DrChrono.csproj", "{14577768-7066-4F15-B93C-A00B0FA4CC40}"
EndProject
Project("{FAE04EC0-301F-11D3-BF4B-00C04F79EFBC}") = "EMRIntegrations.EpicR4", "EMRIntegrations.EpicR4\EMRIntegrations.EpicR4.csproj", "{7939AA44-8821-4945-8329-8A61EB20AF18}"
EndProject
Global
	GlobalSection(SolutionConfigurationPlatforms) = preSolution
		Debug|Any CPU = Debug|Any CPU
		Release|Any CPU = Release|Any CPU
	EndGlobalSection
	GlobalSection(ProjectConfigurationPlatforms) = postSolution
		{7B817F15-A010-48D3-8681-538007EC64C9}.Debug|Any CPU.ActiveCfg = Debug|Any CPU
		{7B817F15-A010-48D3-8681-538007EC64C9}.Debug|Any CPU.Build.0 = Debug|Any CPU
		{7B817F15-A010-48D3-8681-538007EC64C9}.Release|Any CPU.ActiveCfg = Release|Any CPU
		{7B817F15-A010-48D3-8681-538007EC64C9}.Release|Any CPU.Build.0 = Release|Any CPU
		{5194AF85-1D1D-4DF0-9D10-B8E599953FB9}.Debug|Any CPU.ActiveCfg = Debug|Any CPU
		{5194AF85-1D1D-4DF0-9D10-B8E599953FB9}.Debug|Any CPU.Build.0 = Debug|Any CPU
		{5194AF85-1D1D-4DF0-9D10-B8E599953FB9}.Release|Any CPU.ActiveCfg = Release|Any CPU
		{5194AF85-1D1D-4DF0-9D10-B8E599953FB9}.Release|Any CPU.Build.0 = Release|Any CPU
		{3A54FB11-BB69-445D-913C-238818BC88B8}.Debug|Any CPU.ActiveCfg = Debug|Any CPU
		{3A54FB11-BB69-445D-913C-238818BC88B8}.Debug|Any CPU.Build.0 = Debug|Any CPU
		{3A54FB11-BB69-445D-913C-238818BC88B8}.Release|Any CPU.ActiveCfg = Release|Any CPU
		{3A54FB11-BB69-445D-913C-238818BC88B8}.Release|Any CPU.Build.0 = Release|Any CPU
		{2C6FE4CD-5CFE-45C6-B756-9E5B7F9C8745}.Debug|Any CPU.ActiveCfg = Debug|Any CPU
		{2C6FE4CD-5CFE-45C6-B756-9E5B7F9C8745}.Debug|Any CPU.Build.0 = Debug|Any CPU
		{2C6FE4CD-5CFE-45C6-B756-9E5B7F9C8745}.Release|Any CPU.ActiveCfg = Release|Any CPU
		{2C6FE4CD-5CFE-45C6-B756-9E5B7F9C8745}.Release|Any CPU.Build.0 = Release|Any CPU
		{9DC85D5D-1A40-48FA-BFDB-5F7FDA7EF91D}.Debug|Any CPU.ActiveCfg = Debug|Any CPU
		{9DC85D5D-1A40-48FA-BFDB-5F7FDA7EF91D}.Debug|Any CPU.Build.0 = Debug|Any CPU
		{9DC85D5D-1A40-48FA-BFDB-5F7FDA7EF91D}.Release|Any CPU.ActiveCfg = Release|Any CPU
		{9DC85D5D-1A40-48FA-BFDB-5F7FDA7EF91D}.Release|Any CPU.Build.0 = Release|Any CPU
		{178030DB-A0C6-4321-AFF9-949AE0DBD46B}.Debug|Any CPU.ActiveCfg = Debug|Any CPU
		{178030DB-A0C6-4321-AFF9-949AE0DBD46B}.Debug|Any CPU.Build.0 = Debug|Any CPU
		{178030DB-A0C6-4321-AFF9-949AE0DBD46B}.Release|Any CPU.ActiveCfg = Release|Any CPU
		{178030DB-A0C6-4321-AFF9-949AE0DBD46B}.Release|Any CPU.Build.0 = Release|Any CPU
		{14577768-7066-4F15-B93C-A00B0FA4CC40}.Debug|Any CPU.ActiveCfg = Debug|Any CPU
		{14577768-7066-4F15-B93C-A00B0FA4CC40}.Debug|Any CPU.Build.0 = Debug|Any CPU
		{14577768-7066-4F15-B93C-A00B0FA4CC40}.Release|Any CPU.ActiveCfg = Release|Any CPU
		{14577768-7066-4F15-B93C-A00B0FA4CC40}.Release|Any CPU.Build.0 = Release|Any CPU
		{7939AA44-8821-4945-8329-8A61EB20AF18}.Debug|Any CPU.ActiveCfg = Debug|Any CPU
		{7939AA44-8821-4945-8329-8A61EB20AF18}.Debug|Any CPU.Build.0 = Debug|Any CPU
		{7939AA44-8821-4945-8329-8A61EB20AF18}.Release|Any CPU.ActiveCfg = Release|Any CPU
		{7939AA44-8821-4945-8329-8A61EB20AF18}.Release|Any CPU.Build.0 = Release|Any CPU
	EndGlobalSection
	GlobalSection(SolutionProperties) = preSolution
		HideSolutionNode = FALSE
	EndGlobalSection
	GlobalSection(ExtensibilityGlobals) = postSolution
		SolutionGuid = {04D0ADA0-5F40-419A-AF1D-54A181A2935F}
	EndGlobalSection
EndGlobal
